// !$*UTF8*$!
{
	archiveVersion = 1;
	classes = {
	};
	objectVersion = 48;
	objects = {

/* Begin PBXBuildFile section */
		165BD2CC20309FE200FB3195 /* JSONable.swift in Sources */ = {isa = PBXBuildFile; fileRef = 165BD2CB20309FE200FB3195 /* JSONable.swift */; };
		165BD2CE2030A01000FB3195 /* Dictionary+DeserializationResponse.swift in Sources */ = {isa = PBXBuildFile; fileRef = 165BD2CD2030A01000FB3195 /* Dictionary+DeserializationResponse.swift */; };
		165BD2D02030A27700FB3195 /* Environment.swift in Sources */ = {isa = PBXBuildFile; fileRef = 165BD2CF2030A27700FB3195 /* Environment.swift */; };
		16A43A56202B209700D4A84A /* Chemist_platform.h in Headers */ = {isa = PBXBuildFile; fileRef = 16A43A54202B209700D4A84A /* Chemist_platform.h */; settings = {ATTRIBUTES = (Public, ); }; };
		16A43A6A202B20FF00D4A84A /* RemedyEntity+CoreDataProperties.swift in Sources */ = {isa = PBXBuildFile; fileRef = 16A43A5F202B20FF00D4A84A /* RemedyEntity+CoreDataProperties.swift */; };
		16A43A6B202B20FF00D4A84A /* RemedyDescriptionEntity+CoreDataProperties.swift in Sources */ = {isa = PBXBuildFile; fileRef = 16A43A60202B20FF00D4A84A /* RemedyDescriptionEntity+CoreDataProperties.swift */; };
		16A43A6C202B20FF00D4A84A /* PersistentModel.xcdatamodeld in Sources */ = {isa = PBXBuildFile; fileRef = 16A43A61202B20FF00D4A84A /* PersistentModel.xcdatamodeld */; };
		16A43A6D202B20FF00D4A84A /* RemedyEntity+CoreDataClass.swift in Sources */ = {isa = PBXBuildFile; fileRef = 16A43A63202B20FF00D4A84A /* RemedyEntity+CoreDataClass.swift */; };
		16A43A6E202B20FF00D4A84A /* RemedyDescriptionEntity+CoreDataClass.swift in Sources */ = {isa = PBXBuildFile; fileRef = 16A43A64202B20FF00D4A84A /* RemedyDescriptionEntity+CoreDataClass.swift */; };
		16A43A6F202B20FF00D4A84A /* CoreDataService.swift in Sources */ = {isa = PBXBuildFile; fileRef = 16A43A65202B20FF00D4A84A /* CoreDataService.swift */; };
		16A43A70202B20FF00D4A84A /* NSManagedObjectContextFetch.swift in Sources */ = {isa = PBXBuildFile; fileRef = 16A43A66202B20FF00D4A84A /* NSManagedObjectContextFetch.swift */; };
		16A43A71202B20FF00D4A84A /* PersistentRemedyRepository.swift in Sources */ = {isa = PBXBuildFile; fileRef = 16A43A68202B20FF00D4A84A /* PersistentRemedyRepository.swift */; };
		8CFD3B60435286F092EF2C89 /* Pods_Chemist_platform.framework in Frameworks */ = {isa = PBXBuildFile; fileRef = B0A947A3A7C4942ECC8286C1 /* Pods_Chemist_platform.framework */; };
		BA5DD09A202DCB6300719A89 /* APISession.swift in Sources */ = {isa = PBXBuildFile; fileRef = BA5DD099202DCB6300719A89 /* APISession.swift */; };
		BA5DD09F202DCDEA00719A89 /* RemedyItem.swift in Sources */ = {isa = PBXBuildFile; fileRef = BA5DD09E202DCDEA00719A89 /* RemedyItem.swift */; };
		BA5DD0A3202DCEE200719A89 /* RemedyDescriptionItem.swift in Sources */ = {isa = PBXBuildFile; fileRef = BA5DD0A2202DCEE200719A89 /* RemedyDescriptionItem.swift */; };
/* End PBXBuildFile section */

/* Begin PBXFileReference section */
		165BD2CB20309FE200FB3195 /* JSONable.swift */ = {isa = PBXFileReference; lastKnownFileType = sourcecode.swift; path = JSONable.swift; sourceTree = "<group>"; };
		165BD2CD2030A01000FB3195 /* Dictionary+DeserializationResponse.swift */ = {isa = PBXFileReference; lastKnownFileType = sourcecode.swift; path = "Dictionary+DeserializationResponse.swift"; sourceTree = "<group>"; };
		165BD2CF2030A27700FB3195 /* Environment.swift */ = {isa = PBXFileReference; fileEncoding = 4; lastKnownFileType = sourcecode.swift; path = Environment.swift; sourceTree = "<group>"; };
		16A43A51202B209700D4A84A /* Chemist_platform.framework */ = {isa = PBXFileReference; explicitFileType = wrapper.framework; includeInIndex = 0; path = Chemist_platform.framework; sourceTree = BUILT_PRODUCTS_DIR; };
		16A43A54202B209700D4A84A /* Chemist_platform.h */ = {isa = PBXFileReference; lastKnownFileType = sourcecode.c.h; path = Chemist_platform.h; sourceTree = "<group>"; };
		16A43A55202B209700D4A84A /* Info.plist */ = {isa = PBXFileReference; lastKnownFileType = text.plist.xml; path = Info.plist; sourceTree = "<group>"; };
		16A43A5F202B20FF00D4A84A /* RemedyEntity+CoreDataProperties.swift */ = {isa = PBXFileReference; fileEncoding = 4; lastKnownFileType = sourcecode.swift; path = "RemedyEntity+CoreDataProperties.swift"; sourceTree = "<group>"; };
		16A43A60202B20FF00D4A84A /* RemedyDescriptionEntity+CoreDataProperties.swift */ = {isa = PBXFileReference; fileEncoding = 4; lastKnownFileType = sourcecode.swift; path = "RemedyDescriptionEntity+CoreDataProperties.swift"; sourceTree = "<group>"; };
		16A43A62202B20FF00D4A84A /* Model.xcdatamodel */ = {isa = PBXFileReference; lastKnownFileType = wrapper.xcdatamodel; path = Model.xcdatamodel; sourceTree = "<group>"; };
		16A43A63202B20FF00D4A84A /* RemedyEntity+CoreDataClass.swift */ = {isa = PBXFileReference; fileEncoding = 4; lastKnownFileType = sourcecode.swift; path = "RemedyEntity+CoreDataClass.swift"; sourceTree = "<group>"; };
		16A43A64202B20FF00D4A84A /* RemedyDescriptionEntity+CoreDataClass.swift */ = {isa = PBXFileReference; fileEncoding = 4; lastKnownFileType = sourcecode.swift; path = "RemedyDescriptionEntity+CoreDataClass.swift"; sourceTree = "<group>"; };
		16A43A65202B20FF00D4A84A /* CoreDataService.swift */ = {isa = PBXFileReference; fileEncoding = 4; lastKnownFileType = sourcecode.swift; path = CoreDataService.swift; sourceTree = "<group>"; };
		16A43A66202B20FF00D4A84A /* NSManagedObjectContextFetch.swift */ = {isa = PBXFileReference; fileEncoding = 4; lastKnownFileType = sourcecode.swift; path = NSManagedObjectContextFetch.swift; sourceTree = "<group>"; };
		16A43A68202B20FF00D4A84A /* PersistentRemedyRepository.swift */ = {isa = PBXFileReference; fileEncoding = 4; lastKnownFileType = sourcecode.swift; path = PersistentRemedyRepository.swift; sourceTree = "<group>"; };
		53DCA844ED393F0698AE3BF7 /* Pods-Chemist-platform.debug.xcconfig */ = {isa = PBXFileReference; includeInIndex = 1; lastKnownFileType = text.xcconfig; name = "Pods-Chemist-platform.debug.xcconfig"; path = "../Pods/Target Support Files/Pods-Chemist-platform/Pods-Chemist-platform.debug.xcconfig"; sourceTree = "<group>"; };
		5C41C64453EDA418AC671794 /* Pods-Chemist-platform.release.xcconfig */ = {isa = PBXFileReference; includeInIndex = 1; lastKnownFileType = text.xcconfig; name = "Pods-Chemist-platform.release.xcconfig"; path = "../Pods/Target Support Files/Pods-Chemist-platform/Pods-Chemist-platform.release.xcconfig"; sourceTree = "<group>"; };
		B0A947A3A7C4942ECC8286C1 /* Pods_Chemist_platform.framework */ = {isa = PBXFileReference; explicitFileType = wrapper.framework; includeInIndex = 0; path = Pods_Chemist_platform.framework; sourceTree = BUILT_PRODUCTS_DIR; };
		BA5DD099202DCB6300719A89 /* APISession.swift */ = {isa = PBXFileReference; lastKnownFileType = sourcecode.swift; path = APISession.swift; sourceTree = "<group>"; };
		BA5DD09E202DCDEA00719A89 /* RemedyItem.swift */ = {isa = PBXFileReference; lastKnownFileType = sourcecode.swift; path = RemedyItem.swift; sourceTree = "<group>"; };
		BA5DD0A2202DCEE200719A89 /* RemedyDescriptionItem.swift */ = {isa = PBXFileReference; lastKnownFileType = sourcecode.swift; path = RemedyDescriptionItem.swift; sourceTree = "<group>"; };
/* End PBXFileReference section */

/* Begin PBXFrameworksBuildPhase section */
		16A43A4D202B209700D4A84A /* Frameworks */ = {
			isa = PBXFrameworksBuildPhase;
			buildActionMask = 2147483647;
			files = (
				8CFD3B60435286F092EF2C89 /* Pods_Chemist_platform.framework in Frameworks */,
			);
			runOnlyForDeploymentPostprocessing = 0;
		};
/* End PBXFrameworksBuildPhase section */

/* Begin PBXGroup section */
		16A43A47202B209600D4A84A = {
			isa = PBXGroup;
			children = (
				16A43A53202B209700D4A84A /* Chemist-platform */,
				16A43A52202B209700D4A84A /* Products */,
				36919479038C3643634A2753 /* Pods */,
				E0A1A65EB0F49F977EF1C7D6 /* Frameworks */,
			);
			sourceTree = "<group>";
		};
		16A43A52202B209700D4A84A /* Products */ = {
			isa = PBXGroup;
			children = (
				16A43A51202B209700D4A84A /* Chemist_platform.framework */,
			);
			name = Products;
			sourceTree = "<group>";
		};
		16A43A53202B209700D4A84A /* Chemist-platform */ = {
			isa = PBXGroup;
			children = (
				16A43A5C202B20FF00D4A84A /* Service */,
				16A43A54202B209700D4A84A /* Chemist_platform.h */,
				16A43A55202B209700D4A84A /* Info.plist */,
			);
			path = "Chemist-platform";
			sourceTree = "<group>";
		};
		16A43A5C202B20FF00D4A84A /* Service */ = {
			isa = PBXGroup;
			children = (
				BA5DD098202DCAF900719A89 /* API */,
				16A43A5D202B20FF00D4A84A /* CoredData */,
			);
			path = Service;
			sourceTree = "<group>";
		};
		16A43A5D202B20FF00D4A84A /* CoredData */ = {
			isa = PBXGroup;
			children = (
				16A43A5E202B20FF00D4A84A /* Entities */,
				16A43A65202B20FF00D4A84A /* CoreDataService.swift */,
				16A43A66202B20FF00D4A84A /* NSManagedObjectContextFetch.swift */,
				16A43A67202B20FF00D4A84A /* Repositories */,
			);
			path = CoredData;
			sourceTree = "<group>";
		};
		16A43A5E202B20FF00D4A84A /* Entities */ = {
			isa = PBXGroup;
			children = (
				16A43A5F202B20FF00D4A84A /* RemedyEntity+CoreDataProperties.swift */,
				16A43A60202B20FF00D4A84A /* RemedyDescriptionEntity+CoreDataProperties.swift */,
				16A43A61202B20FF00D4A84A /* PersistentModel.xcdatamodeld */,
				16A43A63202B20FF00D4A84A /* RemedyEntity+CoreDataClass.swift */,
				16A43A64202B20FF00D4A84A /* RemedyDescriptionEntity+CoreDataClass.swift */,
			);
			path = Entities;
			sourceTree = "<group>";
		};
		16A43A67202B20FF00D4A84A /* Repositories */ = {
			isa = PBXGroup;
			children = (
				16A43A68202B20FF00D4A84A /* PersistentRemedyRepository.swift */,
			);
			path = Repositories;
			sourceTree = "<group>";
		};
		36919479038C3643634A2753 /* Pods */ = {
			isa = PBXGroup;
			children = (
				53DCA844ED393F0698AE3BF7 /* Pods-Chemist-platform.debug.xcconfig */,
				5C41C64453EDA418AC671794 /* Pods-Chemist-platform.release.xcconfig */,
			);
			name = Pods;
			sourceTree = "<group>";
		};
		BA5DD098202DCAF900719A89 /* API */ = {
			isa = PBXGroup;
			children = (
				BA5DD09B202DCDA600719A89 /* Entities */,
				165BD2CF2030A27700FB3195 /* Environment.swift */,
				BA5DD099202DCB6300719A89 /* APISession.swift */,
			);
			path = API;
			sourceTree = "<group>";
		};
		BA5DD09B202DCDA600719A89 /* Entities */ = {
			isa = PBXGroup;
			children = (
				165BD2CB20309FE200FB3195 /* JSONable.swift */,
				BA5DD09E202DCDEA00719A89 /* RemedyItem.swift */,
				BA5DD0A2202DCEE200719A89 /* RemedyDescriptionItem.swift */,
				165BD2CD2030A01000FB3195 /* Dictionary+DeserializationResponse.swift */,
			);
			path = Entities;
			sourceTree = "<group>";
		};
		E0A1A65EB0F49F977EF1C7D6 /* Frameworks */ = {
			isa = PBXGroup;
			children = (
				B0A947A3A7C4942ECC8286C1 /* Pods_Chemist_platform.framework */,
			);
			name = Frameworks;
			sourceTree = "<group>";
		};
/* End PBXGroup section */

/* Begin PBXHeadersBuildPhase section */
		16A43A4E202B209700D4A84A /* Headers */ = {
			isa = PBXHeadersBuildPhase;
			buildActionMask = 2147483647;
			files = (
				16A43A56202B209700D4A84A /* Chemist_platform.h in Headers */,
			);
			runOnlyForDeploymentPostprocessing = 0;
		};
/* End PBXHeadersBuildPhase section */

/* Begin PBXNativeTarget section */
		16A43A50202B209700D4A84A /* Chemist-platform */ = {
			isa = PBXNativeTarget;
			buildConfigurationList = 16A43A59202B209700D4A84A /* Build configuration list for PBXNativeTarget "Chemist-platform" */;
			buildPhases = (
				AD8999C03E72BF8C0D6B74A4 /* [CP] Check Pods Manifest.lock */,
				16A43A4C202B209700D4A84A /* Sources */,
				16A43A4D202B209700D4A84A /* Frameworks */,
				16A43A4E202B209700D4A84A /* Headers */,
				16A43A4F202B209700D4A84A /* Resources */,
				F1C064B7C6641D554D390F61 /* [CP] Copy Pods Resources */,
			);
			buildRules = (
			);
			dependencies = (
			);
			name = "Chemist-platform";
			productName = "Chemist-platform";
			productReference = 16A43A51202B209700D4A84A /* Chemist_platform.framework */;
			productType = "com.apple.product-type.framework";
		};
/* End PBXNativeTarget section */

/* Begin PBXProject section */
		16A43A48202B209600D4A84A /* Project object */ = {
			isa = PBXProject;
			attributes = {
				LastUpgradeCheck = 0910;
				ORGANIZATIONNAME = "Navka Sergey";
				TargetAttributes = {
					16A43A50202B209700D4A84A = {
						CreatedOnToolsVersion = 9.1;
						ProvisioningStyle = Automatic;
					};
				};
			};
			buildConfigurationList = 16A43A4B202B209600D4A84A /* Build configuration list for PBXProject "Chemist-platform" */;
			compatibilityVersion = "Xcode 8.0";
			developmentRegion = en;
			hasScannedForEncodings = 0;
			knownRegions = (
				en,
			);
			mainGroup = 16A43A47202B209600D4A84A;
			productRefGroup = 16A43A52202B209700D4A84A /* Products */;
			projectDirPath = "";
			projectRoot = "";
			targets = (
				16A43A50202B209700D4A84A /* Chemist-platform */,
			);
		};
/* End PBXProject section */

/* Begin PBXResourcesBuildPhase section */
		16A43A4F202B209700D4A84A /* Resources */ = {
			isa = PBXResourcesBuildPhase;
			buildActionMask = 2147483647;
			files = (
			);
			runOnlyForDeploymentPostprocessing = 0;
		};
/* End PBXResourcesBuildPhase section */

/* Begin PBXShellScriptBuildPhase section */
		AD8999C03E72BF8C0D6B74A4 /* [CP] Check Pods Manifest.lock */ = {
			isa = PBXShellScriptBuildPhase;
			buildActionMask = 2147483647;
			files = (
			);
			inputPaths = (
				"${PODS_PODFILE_DIR_PATH}/Podfile.lock",
				"${PODS_ROOT}/Manifest.lock",
			);
			name = "[CP] Check Pods Manifest.lock";
			outputPaths = (
				"$(DERIVED_FILE_DIR)/Pods-Chemist-platform-checkManifestLockResult.txt",
			);
			runOnlyForDeploymentPostprocessing = 0;
			shellPath = /bin/sh;
			shellScript = "diff \"${PODS_PODFILE_DIR_PATH}/Podfile.lock\" \"${PODS_ROOT}/Manifest.lock\" > /dev/null\nif [ $? != 0 ] ; then\n    # print error to STDERR\n    echo \"error: The sandbox is not in sync with the Podfile.lock. Run 'pod install' or update your CocoaPods installation.\" >&2\n    exit 1\nfi\n# This output is used by Xcode 'outputs' to avoid re-running this script phase.\necho \"SUCCESS\" > \"${SCRIPT_OUTPUT_FILE_0}\"\n";
			showEnvVarsInLog = 0;
		};
		F1C064B7C6641D554D390F61 /* [CP] Copy Pods Resources */ = {
			isa = PBXShellScriptBuildPhase;
			buildActionMask = 2147483647;
			files = (
			);
			inputPaths = (
			);
			name = "[CP] Copy Pods Resources";
			outputPaths = (
			);
			runOnlyForDeploymentPostprocessing = 0;
			shellPath = /bin/sh;
			shellScript = "\"${SRCROOT}/../Pods/Target Support Files/Pods-Chemist-platform/Pods-Chemist-platform-resources.sh\"\n";
			showEnvVarsInLog = 0;
		};
/* End PBXShellScriptBuildPhase section */

/* Begin PBXSourcesBuildPhase section */
		16A43A4C202B209700D4A84A /* Sources */ = {
			isa = PBXSourcesBuildPhase;
			buildActionMask = 2147483647;
			files = (
				BA5DD09F202DCDEA00719A89 /* RemedyItem.swift in Sources */,
				BA5DD09A202DCB6300719A89 /* APISession.swift in Sources */,
				165BD2CE2030A01000FB3195 /* Dictionary+DeserializationResponse.swift in Sources */,
				165BD2D02030A27700FB3195 /* Environment.swift in Sources */,
				16A43A6D202B20FF00D4A84A /* RemedyEntity+CoreDataClass.swift in Sources */,
				16A43A71202B20FF00D4A84A /* PersistentRemedyRepository.swift in Sources */,
				BA5DD0A3202DCEE200719A89 /* RemedyDescriptionItem.swift in Sources */,
				16A43A6E202B20FF00D4A84A /* RemedyDescriptionEntity+CoreDataClass.swift in Sources */,
				16A43A6A202B20FF00D4A84A /* RemedyEntity+CoreDataProperties.swift in Sources */,
				165BD2CC20309FE200FB3195 /* JSONable.swift in Sources */,
				16A43A6C202B20FF00D4A84A /* PersistentModel.xcdatamodeld in Sources */,
				16A43A70202B20FF00D4A84A /* NSManagedObjectContextFetch.swift in Sources */,
				16A43A6F202B20FF00D4A84A /* CoreDataService.swift in Sources */,
				16A43A6B202B20FF00D4A84A /* RemedyDescriptionEntity+CoreDataProperties.swift in Sources */,
			);
			runOnlyForDeploymentPostprocessing = 0;
		};
/* End PBXSourcesBuildPhase section */

/* Begin XCBuildConfiguration section */
		16A43A57202B209700D4A84A /* Debug */ = {
			isa = XCBuildConfiguration;
			buildSettings = {
				ALWAYS_SEARCH_USER_PATHS = NO;
				CLANG_ANALYZER_NONNULL = YES;
				CLANG_ANALYZER_NUMBER_OBJECT_CONVERSION = YES_AGGRESSIVE;
				CLANG_CXX_LANGUAGE_STANDARD = "gnu++14";
				CLANG_CXX_LIBRARY = "libc++";
				CLANG_ENABLE_MODULES = YES;
				CLANG_ENABLE_OBJC_ARC = YES;
				CLANG_WARN_BLOCK_CAPTURE_AUTORELEASING = YES;
				CLANG_WARN_BOOL_CONVERSION = YES;
				CLANG_WARN_COMMA = YES;
				CLANG_WARN_CONSTANT_CONVERSION = YES;
				CLANG_WARN_DIRECT_OBJC_ISA_USAGE = YES_ERROR;
				CLANG_WARN_DOCUMENTATION_COMMENTS = YES;
				CLANG_WARN_EMPTY_BODY = YES;
				CLANG_WARN_ENUM_CONVERSION = YES;
				CLANG_WARN_INFINITE_RECURSION = YES;
				CLANG_WARN_INT_CONVERSION = YES;
				CLANG_WARN_NON_LITERAL_NULL_CONVERSION = YES;
				CLANG_WARN_OBJC_LITERAL_CONVERSION = YES;
				CLANG_WARN_OBJC_ROOT_CLASS = YES_ERROR;
				CLANG_WARN_RANGE_LOOP_ANALYSIS = YES;
				CLANG_WARN_STRICT_PROTOTYPES = YES;
				CLANG_WARN_SUSPICIOUS_MOVE = YES;
				CLANG_WARN_UNGUARDED_AVAILABILITY = YES_AGGRESSIVE;
				CLANG_WARN_UNREACHABLE_CODE = YES;
				CLANG_WARN__DUPLICATE_METHOD_MATCH = YES;
				CODE_SIGN_IDENTITY = "iPhone Developer";
				COPY_PHASE_STRIP = NO;
				CURRENT_PROJECT_VERSION = 1;
				DEBUG_INFORMATION_FORMAT = dwarf;
				ENABLE_STRICT_OBJC_MSGSEND = YES;
				ENABLE_TESTABILITY = YES;
				GCC_C_LANGUAGE_STANDARD = gnu11;
				GCC_DYNAMIC_NO_PIC = NO;
				GCC_NO_COMMON_BLOCKS = YES;
				GCC_OPTIMIZATION_LEVEL = 0;
				GCC_PREPROCESSOR_DEFINITIONS = (
					"DEBUG=1",
					"$(inherited)",
				);
				GCC_WARN_64_TO_32_BIT_CONVERSION = YES;
				GCC_WARN_ABOUT_RETURN_TYPE = YES_ERROR;
				GCC_WARN_UNDECLARED_SELECTOR = YES;
				GCC_WARN_UNINITIALIZED_AUTOS = YES_AGGRESSIVE;
				GCC_WARN_UNUSED_FUNCTION = YES;
				GCC_WARN_UNUSED_VARIABLE = YES;
				IPHONEOS_DEPLOYMENT_TARGET = 11.1;
				MTL_ENABLE_DEBUG_INFO = YES;
				ONLY_ACTIVE_ARCH = YES;
				SDKROOT = iphoneos;
				SWIFT_ACTIVE_COMPILATION_CONDITIONS = DEBUG;
				SWIFT_OPTIMIZATION_LEVEL = "-Onone";
				VERSIONING_SYSTEM = "apple-generic";
				VERSION_INFO_PREFIX = "";
			};
			name = Debug;
		};
		16A43A58202B209700D4A84A /* Release */ = {
			isa = XCBuildConfiguration;
			buildSettings = {
				ALWAYS_SEARCH_USER_PATHS = NO;
				CLANG_ANALYZER_NONNULL = YES;
				CLANG_ANALYZER_NUMBER_OBJECT_CONVERSION = YES_AGGRESSIVE;
				CLANG_CXX_LANGUAGE_STANDARD = "gnu++14";
				CLANG_CXX_LIBRARY = "libc++";
				CLANG_ENABLE_MODULES = YES;
				CLANG_ENABLE_OBJC_ARC = YES;
				CLANG_WARN_BLOCK_CAPTURE_AUTORELEASING = YES;
				CLANG_WARN_BOOL_CONVERSION = YES;
				CLANG_WARN_COMMA = YES;
				CLANG_WARN_CONSTANT_CONVERSION = YES;
				CLANG_WARN_DIRECT_OBJC_ISA_USAGE = YES_ERROR;
				CLANG_WARN_DOCUMENTATION_COMMENTS = YES;
				CLANG_WARN_EMPTY_BODY = YES;
				CLANG_WARN_ENUM_CONVERSION = YES;
				CLANG_WARN_INFINITE_RECURSION = YES;
				CLANG_WARN_INT_CONVERSION = YES;
				CLANG_WARN_NON_LITERAL_NULL_CONVERSION = YES;
				CLANG_WARN_OBJC_LITERAL_CONVERSION = YES;
				CLANG_WARN_OBJC_ROOT_CLASS = YES_ERROR;
				CLANG_WARN_RANGE_LOOP_ANALYSIS = YES;
				CLANG_WARN_STRICT_PROTOTYPES = YES;
				CLANG_WARN_SUSPICIOUS_MOVE = YES;
				CLANG_WARN_UNGUARDED_AVAILABILITY = YES_AGGRESSIVE;
				CLANG_WARN_UNREACHABLE_CODE = YES;
				CLANG_WARN__DUPLICATE_METHOD_MATCH = YES;
				CODE_SIGN_IDENTITY = "iPhone Developer";
				COPY_PHASE_STRIP = NO;
				CURRENT_PROJECT_VERSION = 1;
				DEBUG_INFORMATION_FORMAT = "dwarf-with-dsym";
				ENABLE_NS_ASSERTIONS = NO;
				ENABLE_STRICT_OBJC_MSGSEND = YES;
				GCC_C_LANGUAGE_STANDARD = gnu11;
				GCC_NO_COMMON_BLOCKS = YES;
				GCC_WARN_64_TO_32_BIT_CONVERSION = YES;
				GCC_WARN_ABOUT_RETURN_TYPE = YES_ERROR;
				GCC_WARN_UNDECLARED_SELECTOR = YES;
				GCC_WARN_UNINITIALIZED_AUTOS = YES_AGGRESSIVE;
				GCC_WARN_UNUSED_FUNCTION = YES;
				GCC_WARN_UNUSED_VARIABLE = YES;
				IPHONEOS_DEPLOYMENT_TARGET = 11.1;
				MTL_ENABLE_DEBUG_INFO = NO;
				SDKROOT = iphoneos;
				SWIFT_OPTIMIZATION_LEVEL = "-Owholemodule";
				VALIDATE_PRODUCT = YES;
				VERSIONING_SYSTEM = "apple-generic";
				VERSION_INFO_PREFIX = "";
			};
			name = Release;
		};
		16A43A5A202B209700D4A84A /* Debug */ = {
			isa = XCBuildConfiguration;
			baseConfigurationReference = 53DCA844ED393F0698AE3BF7 /* Pods-Chemist-platform.debug.xcconfig */;
			buildSettings = {
				CODE_SIGN_IDENTITY = "";
				CODE_SIGN_STYLE = Automatic;
				DEFINES_MODULE = YES;
				DYLIB_COMPATIBILITY_VERSION = 1;
				DYLIB_CURRENT_VERSION = 1;
				DYLIB_INSTALL_NAME_BASE = "@rpath";
				INFOPLIST_FILE = "Chemist-platform/Info.plist";
				INSTALL_PATH = "$(LOCAL_LIBRARY_DIR)/Frameworks";
				LD_RUNPATH_SEARCH_PATHS = "$(inherited) @executable_path/Frameworks @loader_path/Frameworks";
				PRODUCT_BUNDLE_IDENTIFIER = "com.Chemist-platform";
				PRODUCT_NAME = "$(TARGET_NAME:c99extidentifier)";
				SKIP_INSTALL = YES;
				SWIFT_VERSION = 4.0;
				TARGETED_DEVICE_FAMILY = "1,2";
			};
			name = Debug;
		};
		16A43A5B202B209700D4A84A /* Release */ = {
			isa = XCBuildConfiguration;
			baseConfigurationReference = 5C41C64453EDA418AC671794 /* Pods-Chemist-platform.release.xcconfig */;
			buildSettings = {
				CODE_SIGN_IDENTITY = "";
				CODE_SIGN_STYLE = Automatic;
				DEFINES_MODULE = YES;
				DYLIB_COMPATIBILITY_VERSION = 1;
				DYLIB_CURRENT_VERSION = 1;
				DYLIB_INSTALL_NAME_BASE = "@rpath";
				INFOPLIST_FILE = "Chemist-platform/Info.plist";
				INSTALL_PATH = "$(LOCAL_LIBRARY_DIR)/Frameworks";
				LD_RUNPATH_SEARCH_PATHS = "$(inherited) @executable_path/Frameworks @loader_path/Frameworks";
				PRODUCT_BUNDLE_IDENTIFIER = "com.Chemist-platform";
				PRODUCT_NAME = "$(TARGET_NAME:c99extidentifier)";
				SKIP_INSTALL = YES;
				SWIFT_VERSION = 4.0;
				TARGETED_DEVICE_FAMILY = "1,2";
			};
			name = Release;
		};
/* End XCBuildConfiguration section */

/* Begin XCConfigurationList section */
		16A43A4B202B209600D4A84A /* Build configuration list for PBXProject "Chemist-platform" */ = {
			isa = XCConfigurationList;
			buildConfigurations = (
				16A43A57202B209700D4A84A /* Debug */,
				16A43A58202B209700D4A84A /* Release */,
			);
			defaultConfigurationIsVisible = 0;
			defaultConfigurationName = Release;
		};
		16A43A59202B209700D4A84A /* Build configuration list for PBXNativeTarget "Chemist-platform" */ = {
			isa = XCConfigurationList;
			buildConfigurations = (
				16A43A5A202B209700D4A84A /* Debug */,
				16A43A5B202B209700D4A84A /* Release */,
			);
			defaultConfigurationIsVisible = 0;
			defaultConfigurationName = Release;
		};
/* End XCConfigurationList section */

/* Begin XCVersionGroup section */
		16A43A61202B20FF00D4A84A /* PersistentModel.xcdatamodeld */ = {
			isa = XCVersionGroup;
			children = (
				16A43A62202B20FF00D4A84A /* Model.xcdatamodel */,
			);
			currentVersion = 16A43A62202B20FF00D4A84A /* Model.xcdatamodel */;
			path = PersistentModel.xcdatamodeld;
			sourceTree = "<group>";
			versionGroupType = wrapper.xcdatamodel;
		};
/* End XCVersionGroup section */
	};
	rootObject = 16A43A48202B209600D4A84A /* Project object */;
}
